
Microsoft Visual Studio Solution File, Format Version 12.00
# Visual Studio Version 17
VisualStudioVersion = 17.1.32421.90
MinimumVisualStudioVersion = 10.0.40219.1
Project("{FAE04EC0-301F-11D3-BF4B-00C04F79EFBC}") = "MaKore", "MaKore\MaKore.csproj", "{57F37F23-F585-4FEB-9443-1843663CDB4B}"
EndProject
Global
	GlobalSection(SolutionConfigurationPlatforms) = preSolution
		Debug|Any CPU = Debug|Any CPU
		Release|Any CPU = Release|Any CPU
	EndGlobalSection
	GlobalSection(ProjectConfigurationPlatforms) = postSolution
		{57F37F23-F585-4FEB-9443-1843663CDB4B}.Debug|Any CPU.ActiveCfg = Debug|Any CPU
		{57F37F23-F585-4FEB-9443-1843663CDB4B}.Debug|Any CPU.Build.0 = Debug|Any CPU
		{57F37F23-F585-4FEB-9443-1843663CDB4B}.Release|Any CPU.ActiveCfg = Release|Any CPU
		{57F37F23-F585-4FEB-9443-1843663CDB4B}.Release|Any CPU.Build.0 = Release|Any CPU
	EndGlobalSection
	GlobalSection(SolutionProperties) = preSolution
		HideSolutionNode = FALSE
	EndGlobalSection
	GlobalSection(ExtensibilityGlobals) = postSolution
		SolutionGuid = {F5CE9E87-A645-44A7-967B-BEBAFD051977}
	EndGlobalSection
EndGlobal
